
Microsoft Visual Studio Solution File, Format Version 12.00
# Visual Studio Version 17
VisualStudioVersion = 17.12.35527.113
MinimumVisualStudioVersion = 10.0.40219.1
Project("{FAE04EC0-301F-11D3-BF4B-00C04F79EFBC}") = "HaffardBankApi", "HaffardBankSolution\HaffardBankApi.csproj", "{4555C2BA-DA01-4A33-BD7C-EB69A4F2C62E}"
EndProject
Project("{FAE04EC0-301F-11D3-BF4B-00C04F79EFBC}") = "HaffardBankWebApp", "HaffardBankView\HaffardBankWebApp.csproj", "{E216C8FB-35DC-4931-B0DB-5E7CF4E6848E}"
EndProject
Project("{FAE04EC0-301F-11D3-BF4B-00C04F79EFBC}") = "HaffardBankService", "HaffardBankService\HaffardBankService.csproj", "{B1D0DFDA-838C-47A5-9678-6C6B9C3BFF16}"
EndProject
Project("{FAE04EC0-301F-11D3-BF4B-00C04F79EFBC}") = "HaffardBankRepo", "HaffardBankRepo\HaffardBankRepo.csproj", "{68D8004B-EAED-4756-9123-4D1A81C757E5}"
EndProject
Global
	GlobalSection(SolutionConfigurationPlatforms) = preSolution
		Debug|Any CPU = Debug|Any CPU
		Release|Any CPU = Release|Any CPU
	EndGlobalSection
	GlobalSection(ProjectConfigurationPlatforms) = postSolution
		{4555C2BA-DA01-4A33-BD7C-EB69A4F2C62E}.Debug|Any CPU.ActiveCfg = Debug|Any CPU
		{4555C2BA-DA01-4A33-BD7C-EB69A4F2C62E}.Debug|Any CPU.Build.0 = Debug|Any CPU
		{4555C2BA-DA01-4A33-BD7C-EB69A4F2C62E}.Release|Any CPU.ActiveCfg = Release|Any CPU
		{4555C2BA-DA01-4A33-BD7C-EB69A4F2C62E}.Release|Any CPU.Build.0 = Release|Any CPU
		{E216C8FB-35DC-4931-B0DB-5E7CF4E6848E}.Debug|Any CPU.ActiveCfg = Debug|Any CPU
		{E216C8FB-35DC-4931-B0DB-5E7CF4E6848E}.Debug|Any CPU.Build.0 = Debug|Any CPU
		{E216C8FB-35DC-4931-B0DB-5E7CF4E6848E}.Release|Any CPU.ActiveCfg = Release|Any CPU
		{E216C8FB-35DC-4931-B0DB-5E7CF4E6848E}.Release|Any CPU.Build.0 = Release|Any CPU
		{B1D0DFDA-838C-47A5-9678-6C6B9C3BFF16}.Debug|Any CPU.ActiveCfg = Debug|Any CPU
		{B1D0DFDA-838C-47A5-9678-6C6B9C3BFF16}.Debug|Any CPU.Build.0 = Debug|Any CPU
		{B1D0DFDA-838C-47A5-9678-6C6B9C3BFF16}.Release|Any CPU.ActiveCfg = Release|Any CPU
		{B1D0DFDA-838C-47A5-9678-6C6B9C3BFF16}.Release|Any CPU.Build.0 = Release|Any CPU
		{68D8004B-EAED-4756-9123-4D1A81C757E5}.Debug|Any CPU.ActiveCfg = Debug|Any CPU
		{68D8004B-EAED-4756-9123-4D1A81C757E5}.Debug|Any CPU.Build.0 = Debug|Any CPU
		{68D8004B-EAED-4756-9123-4D1A81C757E5}.Release|Any CPU.ActiveCfg = Release|Any CPU
		{68D8004B-EAED-4756-9123-4D1A81C757E5}.Release|Any CPU.Build.0 = Release|Any CPU
	EndGlobalSection
	GlobalSection(SolutionProperties) = preSolution
		HideSolutionNode = FALSE
	EndGlobalSection
EndGlobal
